
Microsoft Visual Studio Solution File, Format Version 12.00
# Visual Studio Version 17
VisualStudioVersion = 17.0.32112.339
MinimumVisualStudioVersion = 10.0.40219.1
Project("{9A19103F-16F7-4668-BE54-9A1E7A4F7556}") = "Extensions", "src\Extensions.csproj", "{FF1872C8-FCA9-4F9D-BF11-D6F4EC3BF598}"
EndProject
Project("{9A19103F-16F7-4668-BE54-9A1E7A4F7556}") = "sabatex.Extensions.Tests", "test\sabatex.Extensions.Tests.csproj", "{AD772DD0-ACB6-419E-9910-D41A41268988}"
EndProject
Global
	GlobalSection(SolutionConfigurationPlatforms) = preSolution
		Debug|Any CPU = Debug|Any CPU
		Release|Any CPU = Release|Any CPU
	EndGlobalSection
	GlobalSection(ProjectConfigurationPlatforms) = postSolution
		{FF1872C8-FCA9-4F9D-BF11-D6F4EC3BF598}.Debug|Any CPU.ActiveCfg = Debug|Any CPU
		{FF1872C8-FCA9-4F9D-BF11-D6F4EC3BF598}.Debug|Any CPU.Build.0 = Debug|Any CPU
		{FF1872C8-FCA9-4F9D-BF11-D6F4EC3BF598}.Release|Any CPU.ActiveCfg = Release|Any CPU
		{FF1872C8-FCA9-4F9D-BF11-D6F4EC3BF598}.Release|Any CPU.Build.0 = Release|Any CPU
		{AD772DD0-ACB6-419E-9910-D41A41268988}.Debug|Any CPU.ActiveCfg = Debug|Any CPU
		{AD772DD0-ACB6-419E-9910-D41A41268988}.Debug|Any CPU.Build.0 = Debug|Any CPU
		{AD772DD0-ACB6-419E-9910-D41A41268988}.Release|Any CPU.ActiveCfg = Release|Any CPU
		{AD772DD0-ACB6-419E-9910-D41A41268988}.Release|Any CPU.Build.0 = Release|Any CPU
	EndGlobalSection
	GlobalSection(SolutionProperties) = preSolution
		HideSolutionNode = FALSE
	EndGlobalSection
	GlobalSection(ExtensibilityGlobals) = postSolution
		SolutionGuid = {867279D4-3A58-4403-AF90-072696586C2C}
	EndGlobalSection
EndGlobal
