
Microsoft Visual Studio Solution File, Format Version 12.00
# Visual Studio Version 17
VisualStudioVersion = 17.0.32112.339
MinimumVisualStudioVersion = 10.0.40219.1
Project("{9A19103F-16F7-4668-BE54-9A1E7A4F7556}") = "Sabatex.Core", "Sabatex.Core\Sabatex.Core.csproj", "{EF6B2DDD-A5C1-45C7-A82A-5FF9BC54A767}"
EndProject
Project("{FAE04EC0-301F-11D3-BF4B-00C04F79EFBC}") = "Sabatex.Extensions.Tests", "Sabatex.Extensions.Tests\Sabatex.Extensions.Tests.csproj", "{AA3DA913-0BEA-4594-B5B3-8E9D4FF51628}"
EndProject
Project("{2150E333-8FDC-42A3-9474-1A3956D46DE8}") = "Solution Items", "Solution Items", "{8EC462FD-D22E-90A8-E5CE-7E832BA40C5D}"
	ProjectSection(SolutionItems) = preProject
		README.md = README.md
	EndProjectSection
EndProject
Global
	GlobalSection(SolutionConfigurationPlatforms) = preSolution
		Debug|Any CPU = Debug|Any CPU
		Release|Any CPU = Release|Any CPU
	EndGlobalSection
	GlobalSection(ProjectConfigurationPlatforms) = postSolution
		{EF6B2DDD-A5C1-45C7-A82A-5FF9BC54A767}.Debug|Any CPU.ActiveCfg = Debug|Any CPU
		{EF6B2DDD-A5C1-45C7-A82A-5FF9BC54A767}.Debug|Any CPU.Build.0 = Debug|Any CPU
		{EF6B2DDD-A5C1-45C7-A82A-5FF9BC54A767}.Release|Any CPU.ActiveCfg = Release|Any CPU
		{EF6B2DDD-A5C1-45C7-A82A-5FF9BC54A767}.Release|Any CPU.Build.0 = Release|Any CPU
		{AA3DA913-0BEA-4594-B5B3-8E9D4FF51628}.Debug|Any CPU.ActiveCfg = Debug|Any CPU
		{AA3DA913-0BEA-4594-B5B3-8E9D4FF51628}.Debug|Any CPU.Build.0 = Debug|Any CPU
		{AA3DA913-0BEA-4594-B5B3-8E9D4FF51628}.Release|Any CPU.ActiveCfg = Release|Any CPU
		{AA3DA913-0BEA-4594-B5B3-8E9D4FF51628}.Release|Any CPU.Build.0 = Release|Any CPU
	EndGlobalSection
	GlobalSection(SolutionProperties) = preSolution
		HideSolutionNode = FALSE
	EndGlobalSection
	GlobalSection(ExtensibilityGlobals) = postSolution
		SolutionGuid = {867279D4-3A58-4403-AF90-072696586C2C}
	EndGlobalSection
EndGlobal
