
Microsoft Visual Studio Solution File, Format Version 12.00
# Visual Studio Version 17
VisualStudioVersion = 17.0.32112.339
MinimumVisualStudioVersion = 10.0.40219.1
Project("{9A19103F-16F7-4668-BE54-9A1E7A4F7556}") = "Sabatex.Extensions", "Sabatex.Extensions\Sabatex.Extensions.csproj", "{8A36CFA0-1B50-462C-BDCA-0AB0682F4577}"
EndProject
Project("{9A19103F-16F7-4668-BE54-9A1E7A4F7556}") = "sabatex.Extensions.Tests", "Sabatex.Exchange.Tests\sabatex.Extensions.Tests.csproj", "{B69ED435-7320-41C6-9213-E2453BCC0199}"
EndProject
Global
	GlobalSection(SolutionConfigurationPlatforms) = preSolution
		Debug|Any CPU = Debug|Any CPU
		Release|Any CPU = Release|Any CPU
	EndGlobalSection
	GlobalSection(ProjectConfigurationPlatforms) = postSolution
		{8A36CFA0-1B50-462C-BDCA-0AB0682F4577}.Debug|Any CPU.ActiveCfg = Debug|Any CPU
		{8A36CFA0-1B50-462C-BDCA-0AB0682F4577}.Debug|Any CPU.Build.0 = Debug|Any CPU
		{8A36CFA0-1B50-462C-BDCA-0AB0682F4577}.Release|Any CPU.ActiveCfg = Release|Any CPU
		{8A36CFA0-1B50-462C-BDCA-0AB0682F4577}.Release|Any CPU.Build.0 = Release|Any CPU
		{B69ED435-7320-41C6-9213-E2453BCC0199}.Debug|Any CPU.ActiveCfg = Debug|Any CPU
		{B69ED435-7320-41C6-9213-E2453BCC0199}.Debug|Any CPU.Build.0 = Debug|Any CPU
		{B69ED435-7320-41C6-9213-E2453BCC0199}.Release|Any CPU.ActiveCfg = Release|Any CPU
		{B69ED435-7320-41C6-9213-E2453BCC0199}.Release|Any CPU.Build.0 = Release|Any CPU
	EndGlobalSection
	GlobalSection(SolutionProperties) = preSolution
		HideSolutionNode = FALSE
	EndGlobalSection
	GlobalSection(ExtensibilityGlobals) = postSolution
		SolutionGuid = {867279D4-3A58-4403-AF90-072696586C2C}
	EndGlobalSection
EndGlobal
