
Microsoft Visual Studio Solution File, Format Version 12.00
# Visual Studio Version 17
VisualStudioVersion = 17.0.32112.339
MinimumVisualStudioVersion = 10.0.40219.1
Project("{2150E333-8FDC-42A3-9474-1A3956D46DE8}") = "Extensions", "Extensions", "{6E3CDA58-2866-45B2-8E13-D93F0227951E}"
EndProject
Project("{9A19103F-16F7-4668-BE54-9A1E7A4F7556}") = "Sabatex.Extensions", "Extensions\src\Sabatex.Extensions.csproj", "{5FFE81DB-17B0-4863-A092-23DB1EE73F0C}"
EndProject
Project("{9A19103F-16F7-4668-BE54-9A1E7A4F7556}") = "sabatex.Extensions.Tests", "Extensions\test\sabatex.Extensions.Tests.csproj", "{B775E8FE-8807-4A8D-9E53-BF6E7DF53081}"
EndProject
Project("{2150E333-8FDC-42A3-9474-1A3956D46DE8}") = "TaxUA", "TaxUA", "{039BFCD8-B265-45EF-A7F1-5C960D32E792}"
EndProject
Project("{9A19103F-16F7-4668-BE54-9A1E7A4F7556}") = "Sabatex.TaxUA", "TaxUA\src\Sabatex.TaxUA.csproj", "{75C7B287-C73D-4850-9AC3-47E104F5CB4D}"
EndProject
Project("{2150E333-8FDC-42A3-9474-1A3956D46DE8}") = "WPFControls", "WPFControls", "{19A5084F-6360-427B-914C-9D8BDAB42113}"
EndProject
Project("{9A19103F-16F7-4668-BE54-9A1E7A4F7556}") = "WPF.Controls", "WPFControls\src\WPF.Controls.csproj", "{4ABD8DFD-D0DC-41C5-B1F3-750607526031}"
EndProject
Project("{9A19103F-16F7-4668-BE54-9A1E7A4F7556}") = "WPF.Controls.Demo", "WPFControls\demo\WPF.Controls.Demo.csproj", "{5E619414-9012-489E-8547-E71ED40FDCD6}"
EndProject
Project("{2150E333-8FDC-42A3-9474-1A3956D46DE8}") = "Core", "Core", "{061CEFB1-CC76-443C-BCAF-62EE43936C9B}"
EndProject
Project("{9A19103F-16F7-4668-BE54-9A1E7A4F7556}") = "Sabatex.Core", "Sabatex.Core\src\Sabatex.Core.csproj", "{EFB5449D-A12C-43C6-92B3-4FFABF83846D}"
EndProject
Project("{2150E333-8FDC-42A3-9474-1A3956D46DE8}") = "RadzenBlazor", "RadzenBlazor", "{5AB7CA5D-2837-4FBE-8583-0562D7A31062}"
EndProject
Project("{9A19103F-16F7-4668-BE54-9A1E7A4F7556}") = "Sabatex.RadzenBlazor", "Sabatex.RadzenBlazor\Sabatex.RadzenBlazor.csproj", "{36457FAA-4019-43ED-85E5-5AB0A6919B21}"
EndProject
Project("{FAE04EC0-301F-11D3-BF4B-00C04F79EFBC}") = "Sabatex.AspNetCore.OData.Extensions", "Sabatex.AspNetCore.OData.Extensions\Sabatex.AspNetCore.OData.Extensions.csproj", "{8F5EE08E-2B5E-4F24-8B33-117435E84896}"
EndProject
Global
	GlobalSection(SolutionConfigurationPlatforms) = preSolution
		Debug|Any CPU = Debug|Any CPU
		Release|Any CPU = Release|Any CPU
	EndGlobalSection
	GlobalSection(ProjectConfigurationPlatforms) = postSolution
		{5FFE81DB-17B0-4863-A092-23DB1EE73F0C}.Debug|Any CPU.ActiveCfg = Debug|Any CPU
		{5FFE81DB-17B0-4863-A092-23DB1EE73F0C}.Debug|Any CPU.Build.0 = Debug|Any CPU
		{5FFE81DB-17B0-4863-A092-23DB1EE73F0C}.Release|Any CPU.ActiveCfg = Release|Any CPU
		{5FFE81DB-17B0-4863-A092-23DB1EE73F0C}.Release|Any CPU.Build.0 = Release|Any CPU
		{B775E8FE-8807-4A8D-9E53-BF6E7DF53081}.Debug|Any CPU.ActiveCfg = Debug|Any CPU
		{B775E8FE-8807-4A8D-9E53-BF6E7DF53081}.Debug|Any CPU.Build.0 = Debug|Any CPU
		{B775E8FE-8807-4A8D-9E53-BF6E7DF53081}.Release|Any CPU.ActiveCfg = Release|Any CPU
		{B775E8FE-8807-4A8D-9E53-BF6E7DF53081}.Release|Any CPU.Build.0 = Release|Any CPU
		{75C7B287-C73D-4850-9AC3-47E104F5CB4D}.Debug|Any CPU.ActiveCfg = Debug|Any CPU
		{75C7B287-C73D-4850-9AC3-47E104F5CB4D}.Debug|Any CPU.Build.0 = Debug|Any CPU
		{75C7B287-C73D-4850-9AC3-47E104F5CB4D}.Release|Any CPU.ActiveCfg = Release|Any CPU
		{75C7B287-C73D-4850-9AC3-47E104F5CB4D}.Release|Any CPU.Build.0 = Release|Any CPU
		{4ABD8DFD-D0DC-41C5-B1F3-750607526031}.Debug|Any CPU.ActiveCfg = Debug|Any CPU
		{4ABD8DFD-D0DC-41C5-B1F3-750607526031}.Debug|Any CPU.Build.0 = Debug|Any CPU
		{4ABD8DFD-D0DC-41C5-B1F3-750607526031}.Release|Any CPU.ActiveCfg = Release|Any CPU
		{4ABD8DFD-D0DC-41C5-B1F3-750607526031}.Release|Any CPU.Build.0 = Release|Any CPU
		{5E619414-9012-489E-8547-E71ED40FDCD6}.Debug|Any CPU.ActiveCfg = Debug|Any CPU
		{5E619414-9012-489E-8547-E71ED40FDCD6}.Debug|Any CPU.Build.0 = Debug|Any CPU
		{5E619414-9012-489E-8547-E71ED40FDCD6}.Release|Any CPU.ActiveCfg = Release|Any CPU
		{5E619414-9012-489E-8547-E71ED40FDCD6}.Release|Any CPU.Build.0 = Release|Any CPU
		{EFB5449D-A12C-43C6-92B3-4FFABF83846D}.Debug|Any CPU.ActiveCfg = Debug|Any CPU
		{EFB5449D-A12C-43C6-92B3-4FFABF83846D}.Debug|Any CPU.Build.0 = Debug|Any CPU
		{EFB5449D-A12C-43C6-92B3-4FFABF83846D}.Release|Any CPU.ActiveCfg = Release|Any CPU
		{EFB5449D-A12C-43C6-92B3-4FFABF83846D}.Release|Any CPU.Build.0 = Release|Any CPU
		{36457FAA-4019-43ED-85E5-5AB0A6919B21}.Debug|Any CPU.ActiveCfg = Debug|Any CPU
		{36457FAA-4019-43ED-85E5-5AB0A6919B21}.Debug|Any CPU.Build.0 = Debug|Any CPU
		{36457FAA-4019-43ED-85E5-5AB0A6919B21}.Release|Any CPU.ActiveCfg = Release|Any CPU
		{36457FAA-4019-43ED-85E5-5AB0A6919B21}.Release|Any CPU.Build.0 = Release|Any CPU
		{8F5EE08E-2B5E-4F24-8B33-117435E84896}.Debug|Any CPU.ActiveCfg = Debug|Any CPU
		{8F5EE08E-2B5E-4F24-8B33-117435E84896}.Debug|Any CPU.Build.0 = Debug|Any CPU
		{8F5EE08E-2B5E-4F24-8B33-117435E84896}.Release|Any CPU.ActiveCfg = Release|Any CPU
		{8F5EE08E-2B5E-4F24-8B33-117435E84896}.Release|Any CPU.Build.0 = Release|Any CPU
	EndGlobalSection
	GlobalSection(SolutionProperties) = preSolution
		HideSolutionNode = FALSE
	EndGlobalSection
	GlobalSection(NestedProjects) = preSolution
		{5FFE81DB-17B0-4863-A092-23DB1EE73F0C} = {6E3CDA58-2866-45B2-8E13-D93F0227951E}
		{B775E8FE-8807-4A8D-9E53-BF6E7DF53081} = {6E3CDA58-2866-45B2-8E13-D93F0227951E}
		{75C7B287-C73D-4850-9AC3-47E104F5CB4D} = {039BFCD8-B265-45EF-A7F1-5C960D32E792}
		{4ABD8DFD-D0DC-41C5-B1F3-750607526031} = {19A5084F-6360-427B-914C-9D8BDAB42113}
		{5E619414-9012-489E-8547-E71ED40FDCD6} = {19A5084F-6360-427B-914C-9D8BDAB42113}
		{EFB5449D-A12C-43C6-92B3-4FFABF83846D} = {061CEFB1-CC76-443C-BCAF-62EE43936C9B}
		{36457FAA-4019-43ED-85E5-5AB0A6919B21} = {5AB7CA5D-2837-4FBE-8583-0562D7A31062}
		{8F5EE08E-2B5E-4F24-8B33-117435E84896} = {6E3CDA58-2866-45B2-8E13-D93F0227951E}
	EndGlobalSection
	GlobalSection(ExtensibilityGlobals) = postSolution
		SolutionGuid = {867279D4-3A58-4403-AF90-072696586C2C}
	EndGlobalSection
EndGlobal
